{
  "name": "fn-lab",
  "version": "1.0.0",
  "lockfileVersion": 3,
  "requires": true,
  "packages": {
    "": {
      "name": "fn-lab",
      "version": "1.0.0",
      "license": "ISC",
      "dependencies": {
        "coercia": "^1.1.1"
      }
    },
    "node_modules/coercia": {
      "version": "1.1.1",
      "resolved": "https://registry.npmjs.org/coercia/-/coercia-1.1.1.tgz",
      "integrity": "sha512-2pd9wjlk0//OHEDDK8xT+XaSMIgHeqGqBwAHMrS0qC9yKQFhIWVknvIVXJVMp8XLUfIi5ZYAG7LfQXDrIrK/1g==",
      "license": "ISC"
    }
  }
}
